
Microsoft Visual Studio Solution File, Format Version 12.00
# Visual Studio Version 16
VisualStudioVersion = 16.0.31019.35
MinimumVisualStudioVersion = 10.0.40219.1
Project("{FAE04EC0-301F-11D3-BF4B-00C04F79EFBC}") = "2Evaluacion_LabADS", "2Evaluacion_LabADS\2Evaluacion_LabADS.csproj", "{7DF8A090-3040-45CB-B5C7-C2535FF3EBEA}"
EndProject
Global
	GlobalSection(SolutionConfigurationPlatforms) = preSolution
		Debug|Any CPU = Debug|Any CPU
		Release|Any CPU = Release|Any CPU
	EndGlobalSection
	GlobalSection(ProjectConfigurationPlatforms) = postSolution
		{7DF8A090-3040-45CB-B5C7-C2535FF3EBEA}.Debug|Any CPU.ActiveCfg = Debug|Any CPU
		{7DF8A090-3040-45CB-B5C7-C2535FF3EBEA}.Debug|Any CPU.Build.0 = Debug|Any CPU
		{7DF8A090-3040-45CB-B5C7-C2535FF3EBEA}.Release|Any CPU.ActiveCfg = Release|Any CPU
		{7DF8A090-3040-45CB-B5C7-C2535FF3EBEA}.Release|Any CPU.Build.0 = Release|Any CPU
	EndGlobalSection
	GlobalSection(SolutionProperties) = preSolution
		HideSolutionNode = FALSE
	EndGlobalSection
	GlobalSection(ExtensibilityGlobals) = postSolution
		SolutionGuid = {6A0B487F-B78C-4C8A-B21D-CA47A66C10CB}
	EndGlobalSection
EndGlobal
